
Microsoft Visual Studio Solution File, Format Version 12.00
# Visual Studio Version 16
VisualStudioVersion = 16.0.31624.102
MinimumVisualStudioVersion = 10.0.40219.1
Project("{9A19103F-16F7-4668-BE54-9A1E7A4F7556}") = "ConsoleApp2", "ConsoleApp2\ConsoleApp2.csproj", "{B1388CF9-1A64-46FD-B5AF-432AF247AB14}"
EndProject
Project("{FAE04EC0-301F-11D3-BF4B-00C04F79EFBC}") = "Calculator1", "Calculator1\Calculator1.csproj", "{FA9B5459-3F93-4E40-823C-22A1A19F9DC0}"
EndProject
Global
	GlobalSection(SolutionConfigurationPlatforms) = preSolution
		Debug|Any CPU = Debug|Any CPU
		Release|Any CPU = Release|Any CPU
	EndGlobalSection
	GlobalSection(ProjectConfigurationPlatforms) = postSolution
		{B1388CF9-1A64-46FD-B5AF-432AF247AB14}.Debug|Any CPU.ActiveCfg = Debug|Any CPU
		{B1388CF9-1A64-46FD-B5AF-432AF247AB14}.Debug|Any CPU.Build.0 = Debug|Any CPU
		{B1388CF9-1A64-46FD-B5AF-432AF247AB14}.Release|Any CPU.ActiveCfg = Release|Any CPU
		{B1388CF9-1A64-46FD-B5AF-432AF247AB14}.Release|Any CPU.Build.0 = Release|Any CPU
		{FA9B5459-3F93-4E40-823C-22A1A19F9DC0}.Debug|Any CPU.ActiveCfg = Debug|Any CPU
		{FA9B5459-3F93-4E40-823C-22A1A19F9DC0}.Debug|Any CPU.Build.0 = Debug|Any CPU
		{FA9B5459-3F93-4E40-823C-22A1A19F9DC0}.Release|Any CPU.ActiveCfg = Release|Any CPU
		{FA9B5459-3F93-4E40-823C-22A1A19F9DC0}.Release|Any CPU.Build.0 = Release|Any CPU
	EndGlobalSection
	GlobalSection(SolutionProperties) = preSolution
		HideSolutionNode = FALSE
	EndGlobalSection
	GlobalSection(ExtensibilityGlobals) = postSolution
		SolutionGuid = {27FB4FB0-6C0D-4F22-AF9E-87C406F25619}
	EndGlobalSection
EndGlobal
